// !$*UTF8*$!
{
	archiveVersion = 1;
	classes = {
	};
	objectVersion = 46;
	objects = {

/* Begin PBXBuildFile section */
		659DC89A1C1C0F8500B921E9 /* DuoLib.h in CopyFiles */ = {isa = PBXBuildFile; fileRef = 659DC8991C1C0F8500B921E9 /* DuoLib.h */; };
		659DC89C1C1C0F8500B921E9 /* DuoLib.m in Sources */ = {isa = PBXBuildFile; fileRef = 659DC89B1C1C0F8500B921E9 /* DuoLib.m */; };
/* End PBXBuildFile section */

/* Begin PBXCopyFilesBuildPhase section */
		659DC8941C1C0F8500B921E9 /* CopyFiles */ = {
			isa = PBXCopyFilesBuildPhase;
			buildActionMask = 2147483647;
			dstPath = "include/$(PRODUCT_NAME)";
			dstSubfolderSpec = 16;
			files = (
				659DC89A1C1C0F8500B921E9 /* DuoLib.h in CopyFiles */,
			);
			runOnlyForDeploymentPostprocessing = 0;
		};
/* End PBXCopyFilesBuildPhase section */

/* Begin PBXFileReference section */
		659DC8961C1C0F8500B921E9 /* libDuoLib.a */ = {isa = PBXFileReference; explicitFileType = archive.ar; includeInIndex = 0; path = libDuoLib.a; sourceTree = BUILT_PRODUCTS_DIR; };
		659DC8991C1C0F8500B921E9 /* DuoLib.h */ = {isa = PBXFileReference; lastKnownFileType = sourcecode.c.h; path = DuoLib.h; sourceTree = "<group>"; };
		659DC89B1C1C0F8500B921E9 /* DuoLib.m */ = {isa = PBXFileReference; lastKnownFileType = sourcecode.c.objc; path = DuoLib.m; sourceTree = "<group>"; };
/* End PBXFileReference section */

/* Begin PBXFrameworksBuildPhase section */
		659DC8931C1C0F8500B921E9 /* Frameworks */ = {
			isa = PBXFrameworksBuildPhase;
			buildActionMask = 2147483647;
			files = (
			);
			runOnlyForDeploymentPostprocessing = 0;
		};
/* End PBXFrameworksBuildPhase section */

/* Begin PBXGroup section */
		659DC88D1C1C0F8500B921E9 = {
			isa = PBXGroup;
			children = (
				659DC8981C1C0F8500B921E9 /* DuoLib */,
				659DC8971C1C0F8500B921E9 /* Products */,
			);
			sourceTree = "<group>";
		};
		659DC8971C1C0F8500B921E9 /* Products */ = {
			isa = PBXGroup;
			children = (
				659DC8961C1C0F8500B921E9 /* libDuoLib.a */,
			);
			name = Products;
			sourceTree = "<group>";
		};
		659DC8981C1C0F8500B921E9 /* DuoLib */ = {
			isa = PBXGroup;
			children = (
				659DC8991C1C0F8500B921E9 /* DuoLib.h */,
				659DC89B1C1C0F8500B921E9 /* DuoLib.m */,
			);
			path = DuoLib;
			sourceTree = "<group>";
		};
/* End PBXGroup section */

/* Begin PBXNativeTarget section */
		659DC8951C1C0F8500B921E9 /* DuoLib */ = {
			isa = PBXNativeTarget;
			buildConfigurationList = 659DC89F1C1C0F8500B921E9 /* Build configuration list for PBXNativeTarget "DuoLib" */;
			buildPhases = (
				659DC8921C1C0F8500B921E9 /* Sources */,
				659DC8931C1C0F8500B921E9 /* Frameworks */,
				659DC8941C1C0F8500B921E9 /* CopyFiles */,
			);
			buildRules = (
			);
			dependencies = (
			);
			name = DuoLib;
			productName = DuoLib;
			productReference = 659DC8961C1C0F8500B921E9 /* libDuoLib.a */;
			productType = "com.apple.product-type.library.static";
		};
/* End PBXNativeTarget section */

/* Begin PBXProject section */
		659DC88E1C1C0F8500B921E9 /* Project object */ = {
			isa = PBXProject;
			attributes = {
				LastUpgradeCheck = 0720;
				ORGANIZATIONNAME = DuoDuo;
				TargetAttributes = {
					659DC8951C1C0F8500B921E9 = {
						CreatedOnToolsVersion = 7.2;
					};
				};
			};
			buildConfigurationList = 659DC8911C1C0F8500B921E9 /* Build configuration list for PBXProject "DuoLib" */;
			compatibilityVersion = "Xcode 3.2";
			developmentRegion = English;
			hasScannedForEncodings = 0;
			knownRegions = (
				en,
			);
			mainGroup = 659DC88D1C1C0F8500B921E9;
			productRefGroup = 659DC8971C1C0F8500B921E9 /* Products */;
			projectDirPath = "";
			projectRoot = "";
			targets = (
				659DC8951C1C0F8500B921E9 /* DuoLib */,
			);
		};
/* End PBXProject section */

/* Begin PBXSourcesBuildPhase section */
		659DC8921C1C0F8500B921E9 /* Sources */ = {
			isa = PBXSourcesBuildPhase;
			buildActionMask = 2147483647;
			files = (
				659DC89C1C1C0F8500B921E9 /* DuoLib.m in Sources */,
			);
			runOnlyForDeploymentPostprocessing = 0;
		};
/* End PBXSourcesBuildPhase section */

/* Begin XCBuildConfiguration section */
		659DC89D1C1C0F8500B921E9 /* Debug */ = {
			isa = XCBuildConfiguration;
			buildSettings = {
				ALWAYS_SEARCH_USER_PATHS = NO;
				CLANG_CXX_LANGUAGE_STANDARD = "gnu++0x";
				CLANG_CXX_LIBRARY = "libc++";
				CLANG_ENABLE_MODULES = YES;
				CLANG_ENABLE_OBJC_ARC = YES;
				CLANG_WARN_BOOL_CONVERSION = YES;
				CLANG_WARN_CONSTANT_CONVERSION = YES;
				CLANG_WARN_DIRECT_OBJC_ISA_USAGE = YES_ERROR;
				CLANG_WARN_EMPTY_BODY = YES;
				CLANG_WARN_ENUM_CONVERSION = YES;
				CLANG_WARN_INT_CONVERSION = YES;
				CLANG_WARN_OBJC_ROOT_CLASS = YES_ERROR;
				CLANG_WARN_UNREACHABLE_CODE = YES;
				CLANG_WARN__DUPLICATE_METHOD_MATCH = YES;
				"CODE_SIGN_IDENTITY[sdk=iphoneos*]" = "iPhone Developer";
				COPY_PHASE_STRIP = NO;
				DEBUG_INFORMATION_FORMAT = dwarf;
				ENABLE_STRICT_OBJC_MSGSEND = YES;
				ENABLE_TESTABILITY = YES;
				GCC_C_LANGUAGE_STANDARD = gnu99;
				GCC_DYNAMIC_NO_PIC = NO;
				GCC_NO_COMMON_BLOCKS = YES;
				GCC_OPTIMIZATION_LEVEL = 0;
				GCC_PREPROCESSOR_DEFINITIONS = (
					"DEBUG=1",
					"$(inherited)",
				);
				GCC_WARN_64_TO_32_BIT_CONVERSION = YES;
				GCC_WARN_ABOUT_RETURN_TYPE = YES_ERROR;
				GCC_WARN_UNDECLARED_SELECTOR = YES;
				GCC_WARN_UNINITIALIZED_AUTOS = YES_AGGRESSIVE;
				GCC_WARN_UNUSED_FUNCTION = YES;
				GCC_WARN_UNUSED_VARIABLE = YES;
				IPHONEOS_DEPLOYMENT_TARGET = 9.2;
				MTL_ENABLE_DEBUG_INFO = YES;
				ONLY_ACTIVE_ARCH = YES;
				SDKROOT = iphoneos;
			};
			name = Debug;
		};
		659DC89E1C1C0F8500B921E9 /* Release */ = {
			isa = XCBuildConfiguration;
			buildSettings = {
				ALWAYS_SEARCH_USER_PATHS = NO;
				CLANG_CXX_LANGUAGE_STANDARD = "gnu++0x";
				CLANG_CXX_LIBRARY = "libc++";
				CLANG_ENABLE_MODULES = YES;
				CLANG_ENABLE_OBJC_ARC = YES;
				CLANG_WARN_BOOL_CONVERSION = YES;
				CLANG_WARN_CONSTANT_CONVERSION = YES;
				CLANG_WARN_DIRECT_OBJC_ISA_USAGE = YES_ERROR;
				CLANG_WARN_EMPTY_BODY = YES;
				CLANG_WARN_ENUM_CONVERSION = YES;
				CLANG_WARN_INT_CONVERSION = YES;
				CLANG_WARN_OBJC_ROOT_CLASS = YES_ERROR;
				CLANG_WARN_UNREACHABLE_CODE = YES;
				CLANG_WARN__DUPLICATE_METHOD_MATCH = YES;
				"CODE_SIGN_IDENTITY[sdk=iphoneos*]" = "iPhone Developer";
				COPY_PHASE_STRIP = NO;
				DEBUG_INFORMATION_FORMAT = "dwarf-with-dsym";
				ENABLE_NS_ASSERTIONS = NO;
				ENABLE_STRICT_OBJC_MSGSEND = YES;
				GCC_C_LANGUAGE_STANDARD = gnu99;
				GCC_NO_COMMON_BLOCKS = YES;
				GCC_WARN_64_TO_32_BIT_CONVERSION = YES;
				GCC_WARN_ABOUT_RETURN_TYPE = YES_ERROR;
				GCC_WARN_UNDECLARED_SELECTOR = YES;
				GCC_WARN_UNINITIALIZED_AUTOS = YES_AGGRESSIVE;
				GCC_WARN_UNUSED_FUNCTION = YES;
				GCC_WARN_UNUSED_VARIABLE = YES;
				IPHONEOS_DEPLOYMENT_TARGET = 9.2;
				MTL_ENABLE_DEBUG_INFO = NO;
				SDKROOT = iphoneos;
				VALIDATE_PRODUCT = YES;
			};
			name = Release;
		};
		659DC8A01C1C0F8500B921E9 /* Debug */ = {
			isa = XCBuildConfiguration;
			buildSettings = {
				OTHER_LDFLAGS = "-ObjC";
				PRODUCT_NAME = "$(TARGET_NAME)";
				SKIP_INSTALL = YES;
			};
			name = Debug;
		};
		659DC8A11C1C0F8500B921E9 /* Release */ = {
			isa = XCBuildConfiguration;
			buildSettings = {
				OTHER_LDFLAGS = "-ObjC";
				PRODUCT_NAME = "$(TARGET_NAME)";
				SKIP_INSTALL = YES;
			};
			name = Release;
		};
/* End XCBuildConfiguration section */

/* Begin XCConfigurationList section */
		659DC8911C1C0F8500B921E9 /* Build configuration list for PBXProject "DuoLib" */ = {
			isa = XCConfigurationList;
			buildConfigurations = (
				659DC89D1C1C0F8500B921E9 /* Debug */,
				659DC89E1C1C0F8500B921E9 /* Release */,
			);
			defaultConfigurationIsVisible = 0;
			defaultConfigurationName = Release;
		};
		659DC89F1C1C0F8500B921E9 /* Build configuration list for PBXNativeTarget "DuoLib" */ = {
			isa = XCConfigurationList;
			buildConfigurations = (
				659DC8A01C1C0F8500B921E9 /* Debug */,
				659DC8A11C1C0F8500B921E9 /* Release */,
			);
			defaultConfigurationIsVisible = 0;
		};
/* End XCConfigurationList section */
	};
	rootObject = 659DC88E1C1C0F8500B921E9 /* Project object */;
}
